
Microsoft Visual Studio Solution File, Format Version 12.00
# Visual Studio 2013
Project("{FAE04EC0-301F-11D3-BF4B-00C04F79EFBC}") = "UnityVS.diplomaOpt.CSharp", "UnityVS.diplomaOpt.CSharp.csproj", "{A75060CC-2700-9BFE-A294-64D755F0514A}"
EndProject
Project("{FAE04EC0-301F-11D3-BF4B-00C04F79EFBC}") = "UnityVS.diplomaOpt.CSharp.Editor", "UnityVS.diplomaOpt.CSharp.Editor.csproj", "{A7855EAE-1DFC-7E61-3774-4B3CAE2FBC76}"
EndProject
Global
	GlobalSection(SolutionConfigurationPlatforms) = preSolution
		Debug|Any CPU = Debug|Any CPU
		Release|Any CPU = Release|Any CPU
	EndGlobalSection
	GlobalSection(ProjectConfigurationPlatforms) = postSolution
		{A75060CC-2700-9BFE-A294-64D755F0514A}.Debug|Any CPU.ActiveCfg = Debug|Any CPU
		{A75060CC-2700-9BFE-A294-64D755F0514A}.Debug|Any CPU.Build.0 = Debug|Any CPU
		{A75060CC-2700-9BFE-A294-64D755F0514A}.Release|Any CPU.ActiveCfg = Release|Any CPU
		{A75060CC-2700-9BFE-A294-64D755F0514A}.Release|Any CPU.Build.0 = Release|Any CPU
		{A7855EAE-1DFC-7E61-3774-4B3CAE2FBC76}.Debug|Any CPU.ActiveCfg = Debug|Any CPU
		{A7855EAE-1DFC-7E61-3774-4B3CAE2FBC76}.Debug|Any CPU.Build.0 = Debug|Any CPU
		{A7855EAE-1DFC-7E61-3774-4B3CAE2FBC76}.Release|Any CPU.ActiveCfg = Release|Any CPU
		{A7855EAE-1DFC-7E61-3774-4B3CAE2FBC76}.Release|Any CPU.Build.0 = Release|Any CPU
	EndGlobalSection
	GlobalSection(SolutionProperties) = preSolution
		HideSolutionNode = FALSE
	EndGlobalSection
EndGlobal
